
Microsoft Visual Studio Solution File, Format Version 12.00
# Visual Studio 15
Project("{FAE04EC0-301F-11D3-BF4B-00C04F79EFBC}") = "UnityEngine.TestRunner", "UnityEngine.TestRunner.csproj", "{F0403211-0134-3915-E292-416CD253B17B}"
EndProject
Project("{FAE04EC0-301F-11D3-BF4B-00C04F79EFBC}") = "UnityEngine.UI", "UnityEngine.UI.csproj", "{D49AA6CB-5C48-5D68-C893-2A98C4C866F6}"
EndProject
Project("{FAE04EC0-301F-11D3-BF4B-00C04F79EFBC}") = "Unity.VisualScripting.Flow", "Unity.VisualScripting.Flow.csproj", "{8580D3F7-93F6-F54E-4D45-9E630293082D}"
EndProject
Project("{FAE04EC0-301F-11D3-BF4B-00C04F79EFBC}") = "Unity.VisualScripting.State", "Unity.VisualScripting.State.csproj", "{986996F8-596A-008A-4CD9-F657A11FE0E7}"
EndProject
Project("{FAE04EC0-301F-11D3-BF4B-00C04F79EFBC}") = "Unity.VisualScripting.Core", "Unity.VisualScripting.Core.csproj", "{5B048614-087D-2C47-A291-EEFA06F5C0EF}"
EndProject
Project("{FAE04EC0-301F-11D3-BF4B-00C04F79EFBC}") = "Unity.TextMeshPro", "Unity.TextMeshPro.csproj", "{6D145E8A-7880-EC86-8037-D60C4B1D0923}"
EndProject
Project("{FAE04EC0-301F-11D3-BF4B-00C04F79EFBC}") = "Unity.Timeline", "Unity.Timeline.csproj", "{A03CDAA7-F11F-030A-E0F1-DE7CF73B55D8}"
EndProject
Project("{FAE04EC0-301F-11D3-BF4B-00C04F79EFBC}") = "Assembly-CSharp", "Assembly-CSharp.csproj", "{05736FD3-B770-6EAC-8F13-163CA1A8E8F1}"
EndProject
Project("{FAE04EC0-301F-11D3-BF4B-00C04F79EFBC}") = "Unity.PlasticSCM.Editor", "Unity.PlasticSCM.Editor.csproj", "{E6EE5E6C-6880-9F39-5BA0-90324F85894B}"
EndProject
Project("{FAE04EC0-301F-11D3-BF4B-00C04F79EFBC}") = "Unity.VisualScripting.Core.Editor", "Unity.VisualScripting.Core.Editor.csproj", "{66EA2EF5-6ACA-4754-38BB-F425EE84CA72}"
EndProject
Project("{FAE04EC0-301F-11D3-BF4B-00C04F79EFBC}") = "Unity.VisualScripting.Flow.Editor", "Unity.VisualScripting.Flow.Editor.csproj", "{EB68B57F-C8B0-2C24-046C-EE7E23412317}"
EndProject
Project("{FAE04EC0-301F-11D3-BF4B-00C04F79EFBC}") = "Unity.VisualStudio.Editor", "Unity.VisualStudio.Editor.csproj", "{85951711-A575-CF46-5A3A-9DA26E741D3C}"
EndProject
Project("{FAE04EC0-301F-11D3-BF4B-00C04F79EFBC}") = "Unity.Timeline.Editor", "Unity.Timeline.Editor.csproj", "{8E8E6D07-4B9C-9573-9877-A4657FDFE300}"
EndProject
Project("{FAE04EC0-301F-11D3-BF4B-00C04F79EFBC}") = "Unity.VisualScripting.State.Editor", "Unity.VisualScripting.State.Editor.csproj", "{2B02B02B-7769-99AC-1F3B-30C210EC4BBC}"
EndProject
Project("{FAE04EC0-301F-11D3-BF4B-00C04F79EFBC}") = "Unity.TextMeshPro.Editor", "Unity.TextMeshPro.Editor.csproj", "{D1E80484-74A5-3C4E-190A-54E717C56A50}"
EndProject
Project("{FAE04EC0-301F-11D3-BF4B-00C04F79EFBC}") = "Unity.VisualScripting.SettingsProvider.Editor", "Unity.VisualScripting.SettingsProvider.Editor.csproj", "{C441DF93-B3A7-A69B-7816-D57E351ADB79}"
EndProject
Project("{FAE04EC0-301F-11D3-BF4B-00C04F79EFBC}") = "UnityEditor.TestRunner", "UnityEditor.TestRunner.csproj", "{4263DFA8-836A-B9C3-1274-078BBB637139}"
EndProject
Project("{FAE04EC0-301F-11D3-BF4B-00C04F79EFBC}") = "Unity.TestTools.CodeCoverage.Editor", "Unity.TestTools.CodeCoverage.Editor.csproj", "{7CF94A4D-A62F-55C1-041B-5C6BB08DEAE1}"
EndProject
Project("{FAE04EC0-301F-11D3-BF4B-00C04F79EFBC}") = "Unity.Rider.Editor", "Unity.Rider.Editor.csproj", "{6830A2FD-2983-25B0-BE32-41DFD458675B}"
EndProject
Project("{FAE04EC0-301F-11D3-BF4B-00C04F79EFBC}") = "Unity.Performance.Profile-Analyzer.Editor", "Unity.Performance.Profile-Analyzer.Editor.csproj", "{C8FCB06E-D198-D699-B008-8B815AF9BF6A}"
EndProject
Project("{FAE04EC0-301F-11D3-BF4B-00C04F79EFBC}") = "Unity.SysrootPackage.Editor", "Unity.SysrootPackage.Editor.csproj", "{759614A7-FA31-7345-7093-B141A8B9DB1B}"
EndProject
Project("{FAE04EC0-301F-11D3-BF4B-00C04F79EFBC}") = "Unity.VSCode.Editor", "Unity.VSCode.Editor.csproj", "{24ED651C-7D70-9E01-9CAA-420041EA29F0}"
EndProject
Project("{FAE04EC0-301F-11D3-BF4B-00C04F79EFBC}") = "Unity.Toolchain.Win-x86_64-Linux-x86_64", "Unity.Toolchain.Win-x86_64-Linux-x86_64.csproj", "{1096A47A-0AF7-1AD6-284D-B3AE2782213C}"
EndProject
Project("{FAE04EC0-301F-11D3-BF4B-00C04F79EFBC}") = "UnityEditor.UI", "UnityEditor.UI.csproj", "{19C97FCA-DD23-F004-91E7-C3F9F79F5610}"
EndProject
Project("{FAE04EC0-301F-11D3-BF4B-00C04F79EFBC}") = "Unity.TestTools.CodeCoverage.Editor.OpenCover.Model", "Unity.TestTools.CodeCoverage.Editor.OpenCover.Model.csproj", "{132CB6D4-4AD4-0F13-275D-4016076F1BC3}"
EndProject
Project("{FAE04EC0-301F-11D3-BF4B-00C04F79EFBC}") = "Unity.EditorCoroutines.Editor", "Unity.EditorCoroutines.Editor.csproj", "{87512493-E5D2-19F5-7C8E-F9ADB720BC4D}"
EndProject
Project("{FAE04EC0-301F-11D3-BF4B-00C04F79EFBC}") = "Unity.Settings.Editor", "Unity.Settings.Editor.csproj", "{FF058369-CB19-2D37-E313-6CC9D4801604}"
EndProject
Project("{FAE04EC0-301F-11D3-BF4B-00C04F79EFBC}") = "Unity.CollabProxy.Editor", "Unity.CollabProxy.Editor.csproj", "{B0C93EAC-7B7A-1A7C-10A4-159CA9FB895C}"
EndProject
Project("{FAE04EC0-301F-11D3-BF4B-00C04F79EFBC}") = "Unity.TestTools.CodeCoverage.Editor.OpenCover.Mono.Reflection", "Unity.TestTools.CodeCoverage.Editor.OpenCover.Mono.Reflection.csproj", "{45030A1C-786D-6CA4-27AD-F470E5F605E0}"
EndProject
Project("{FAE04EC0-301F-11D3-BF4B-00C04F79EFBC}") = "Unity.Sysroot.Linux_x86_64", "Unity.Sysroot.Linux_x86_64.csproj", "{6DE61BD2-837A-7718-8A3C-35A1505D02A2}"
EndProject
Project("{FAE04EC0-301F-11D3-BF4B-00C04F79EFBC}") = "Unity.VisualScripting.Shared.Editor", "Unity.VisualScripting.Shared.Editor.csproj", "{364C142C-7F17-FEFE-C9D9-93A4CA2FA21A}"
EndProject
Project("{FAE04EC0-301F-11D3-BF4B-00C04F79EFBC}") = "UnityEngine.TestRunner", "UnityEngine.TestRunner.Player.csproj", "{98DF30C7-3151-F858-A0DF-268089FEC4C2}"
EndProject
Project("{FAE04EC0-301F-11D3-BF4B-00C04F79EFBC}") = "UnityEngine.UI", "UnityEngine.UI.Player.csproj", "{E67837C6-EF8A-83E7-DB69-E353E8AA502F}"
EndProject
Project("{FAE04EC0-301F-11D3-BF4B-00C04F79EFBC}") = "Unity.VisualScripting.Flow", "Unity.VisualScripting.Flow.Player.csproj", "{F02EFD3C-538E-6BC6-13E8-516C75BBE0A8}"
EndProject
Project("{FAE04EC0-301F-11D3-BF4B-00C04F79EFBC}") = "Unity.VisualScripting.State", "Unity.VisualScripting.State.Player.csproj", "{79952E52-7709-02C3-EEC0-0FF789162F4C}"
EndProject
Project("{FAE04EC0-301F-11D3-BF4B-00C04F79EFBC}") = "Unity.VisualScripting.Core", "Unity.VisualScripting.Core.Player.csproj", "{D1C3441D-996A-1C54-62C6-4FC0ED35D4A1}"
EndProject
Project("{FAE04EC0-301F-11D3-BF4B-00C04F79EFBC}") = "Unity.TextMeshPro", "Unity.TextMeshPro.Player.csproj", "{11035CD4-C353-68CB-B4D9-B42F14A54C6F}"
EndProject
Project("{FAE04EC0-301F-11D3-BF4B-00C04F79EFBC}") = "Unity.Timeline", "Unity.Timeline.Player.csproj", "{7729FF5D-DE77-E942-26F2-921A05BDFE04}"
EndProject
Project("{FAE04EC0-301F-11D3-BF4B-00C04F79EFBC}") = "Assembly-CSharp", "Assembly-CSharp.Player.csproj", "{CED7C7B3-752E-3313-5C8D-D37AEBB6828A}"
EndProject
Global
	GlobalSection(SolutionConfigurationPlatforms) = preSolution
		Debug|Any CPU = Debug|Any CPU
		Release|Any CPU = Release|Any CPU
	EndGlobalSection
	GlobalSection(ProjectConfigurationPlatforms) = postSolution
		{F0403211-0134-3915-E292-416CD253B17B}.Debug|Any CPU.ActiveCfg = Debug|Any CPU
		{F0403211-0134-3915-E292-416CD253B17B}.Debug|Any CPU.Build.0 = Debug|Any CPU
		{F0403211-0134-3915-E292-416CD253B17B}.Release|Any CPU.ActiveCfg = Release|Any CPU
		{F0403211-0134-3915-E292-416CD253B17B}.Release|Any CPU.Build.0 = Release|Any CPU
		{D49AA6CB-5C48-5D68-C893-2A98C4C866F6}.Debug|Any CPU.ActiveCfg = Debug|Any CPU
		{D49AA6CB-5C48-5D68-C893-2A98C4C866F6}.Debug|Any CPU.Build.0 = Debug|Any CPU
		{D49AA6CB-5C48-5D68-C893-2A98C4C866F6}.Release|Any CPU.ActiveCfg = Release|Any CPU
		{D49AA6CB-5C48-5D68-C893-2A98C4C866F6}.Release|Any CPU.Build.0 = Release|Any CPU
		{8580D3F7-93F6-F54E-4D45-9E630293082D}.Debug|Any CPU.ActiveCfg = Debug|Any CPU
		{8580D3F7-93F6-F54E-4D45-9E630293082D}.Debug|Any CPU.Build.0 = Debug|Any CPU
		{8580D3F7-93F6-F54E-4D45-9E630293082D}.Release|Any CPU.ActiveCfg = Release|Any CPU
		{8580D3F7-93F6-F54E-4D45-9E630293082D}.Release|Any CPU.Build.0 = Release|Any CPU
		{986996F8-596A-008A-4CD9-F657A11FE0E7}.Debug|Any CPU.ActiveCfg = Debug|Any CPU
		{986996F8-596A-008A-4CD9-F657A11FE0E7}.Debug|Any CPU.Build.0 = Debug|Any CPU
		{986996F8-596A-008A-4CD9-F657A11FE0E7}.Release|Any CPU.ActiveCfg = Release|Any CPU
		{986996F8-596A-008A-4CD9-F657A11FE0E7}.Release|Any CPU.Build.0 = Release|Any CPU
		{5B048614-087D-2C47-A291-EEFA06F5C0EF}.Debug|Any CPU.ActiveCfg = Debug|Any CPU
		{5B048614-087D-2C47-A291-EEFA06F5C0EF}.Debug|Any CPU.Build.0 = Debug|Any CPU
		{5B048614-087D-2C47-A291-EEFA06F5C0EF}.Release|Any CPU.ActiveCfg = Release|Any CPU
		{5B048614-087D-2C47-A291-EEFA06F5C0EF}.Release|Any CPU.Build.0 = Release|Any CPU
		{6D145E8A-7880-EC86-8037-D60C4B1D0923}.Debug|Any CPU.ActiveCfg = Debug|Any CPU
		{6D145E8A-7880-EC86-8037-D60C4B1D0923}.Debug|Any CPU.Build.0 = Debug|Any CPU
		{6D145E8A-7880-EC86-8037-D60C4B1D0923}.Release|Any CPU.ActiveCfg = Release|Any CPU
		{6D145E8A-7880-EC86-8037-D60C4B1D0923}.Release|Any CPU.Build.0 = Release|Any CPU
		{A03CDAA7-F11F-030A-E0F1-DE7CF73B55D8}.Debug|Any CPU.ActiveCfg = Debug|Any CPU
		{A03CDAA7-F11F-030A-E0F1-DE7CF73B55D8}.Debug|Any CPU.Build.0 = Debug|Any CPU
		{A03CDAA7-F11F-030A-E0F1-DE7CF73B55D8}.Release|Any CPU.ActiveCfg = Release|Any CPU
		{A03CDAA7-F11F-030A-E0F1-DE7CF73B55D8}.Release|Any CPU.Build.0 = Release|Any CPU
		{05736FD3-B770-6EAC-8F13-163CA1A8E8F1}.Debug|Any CPU.ActiveCfg = Debug|Any CPU
		{05736FD3-B770-6EAC-8F13-163CA1A8E8F1}.Debug|Any CPU.Build.0 = Debug|Any CPU
		{05736FD3-B770-6EAC-8F13-163CA1A8E8F1}.Release|Any CPU.ActiveCfg = Release|Any CPU
		{05736FD3-B770-6EAC-8F13-163CA1A8E8F1}.Release|Any CPU.Build.0 = Release|Any CPU
		{E6EE5E6C-6880-9F39-5BA0-90324F85894B}.Debug|Any CPU.ActiveCfg = Debug|Any CPU
		{E6EE5E6C-6880-9F39-5BA0-90324F85894B}.Debug|Any CPU.Build.0 = Debug|Any CPU
		{E6EE5E6C-6880-9F39-5BA0-90324F85894B}.Release|Any CPU.ActiveCfg = Release|Any CPU
		{E6EE5E6C-6880-9F39-5BA0-90324F85894B}.Release|Any CPU.Build.0 = Release|Any CPU
		{66EA2EF5-6ACA-4754-38BB-F425EE84CA72}.Debug|Any CPU.ActiveCfg = Debug|Any CPU
		{66EA2EF5-6ACA-4754-38BB-F425EE84CA72}.Debug|Any CPU.Build.0 = Debug|Any CPU
		{66EA2EF5-6ACA-4754-38BB-F425EE84CA72}.Release|Any CPU.ActiveCfg = Release|Any CPU
		{66EA2EF5-6ACA-4754-38BB-F425EE84CA72}.Release|Any CPU.Build.0 = Release|Any CPU
		{EB68B57F-C8B0-2C24-046C-EE7E23412317}.Debug|Any CPU.ActiveCfg = Debug|Any CPU
		{EB68B57F-C8B0-2C24-046C-EE7E23412317}.Debug|Any CPU.Build.0 = Debug|Any CPU
		{EB68B57F-C8B0-2C24-046C-EE7E23412317}.Release|Any CPU.ActiveCfg = Release|Any CPU
		{EB68B57F-C8B0-2C24-046C-EE7E23412317}.Release|Any CPU.Build.0 = Release|Any CPU
		{85951711-A575-CF46-5A3A-9DA26E741D3C}.Debug|Any CPU.ActiveCfg = Debug|Any CPU
		{85951711-A575-CF46-5A3A-9DA26E741D3C}.Debug|Any CPU.Build.0 = Debug|Any CPU
		{85951711-A575-CF46-5A3A-9DA26E741D3C}.Release|Any CPU.ActiveCfg = Release|Any CPU
		{85951711-A575-CF46-5A3A-9DA26E741D3C}.Release|Any CPU.Build.0 = Release|Any CPU
		{8E8E6D07-4B9C-9573-9877-A4657FDFE300}.Debug|Any CPU.ActiveCfg = Debug|Any CPU
		{8E8E6D07-4B9C-9573-9877-A4657FDFE300}.Debug|Any CPU.Build.0 = Debug|Any CPU
		{8E8E6D07-4B9C-9573-9877-A4657FDFE300}.Release|Any CPU.ActiveCfg = Release|Any CPU
		{8E8E6D07-4B9C-9573-9877-A4657FDFE300}.Release|Any CPU.Build.0 = Release|Any CPU
		{2B02B02B-7769-99AC-1F3B-30C210EC4BBC}.Debug|Any CPU.ActiveCfg = Debug|Any CPU
		{2B02B02B-7769-99AC-1F3B-30C210EC4BBC}.Debug|Any CPU.Build.0 = Debug|Any CPU
		{2B02B02B-7769-99AC-1F3B-30C210EC4BBC}.Release|Any CPU.ActiveCfg = Release|Any CPU
		{2B02B02B-7769-99AC-1F3B-30C210EC4BBC}.Release|Any CPU.Build.0 = Release|Any CPU
		{D1E80484-74A5-3C4E-190A-54E717C56A50}.Debug|Any CPU.ActiveCfg = Debug|Any CPU
		{D1E80484-74A5-3C4E-190A-54E717C56A50}.Debug|Any CPU.Build.0 = Debug|Any CPU
		{D1E80484-74A5-3C4E-190A-54E717C56A50}.Release|Any CPU.ActiveCfg = Release|Any CPU
		{D1E80484-74A5-3C4E-190A-54E717C56A50}.Release|Any CPU.Build.0 = Release|Any CPU
		{C441DF93-B3A7-A69B-7816-D57E351ADB79}.Debug|Any CPU.ActiveCfg = Debug|Any CPU
		{C441DF93-B3A7-A69B-7816-D57E351ADB79}.Debug|Any CPU.Build.0 = Debug|Any CPU
		{C441DF93-B3A7-A69B-7816-D57E351ADB79}.Release|Any CPU.ActiveCfg = Release|Any CPU
		{C441DF93-B3A7-A69B-7816-D57E351ADB79}.Release|Any CPU.Build.0 = Release|Any CPU
		{4263DFA8-836A-B9C3-1274-078BBB637139}.Debug|Any CPU.ActiveCfg = Debug|Any CPU
		{4263DFA8-836A-B9C3-1274-078BBB637139}.Debug|Any CPU.Build.0 = Debug|Any CPU
		{4263DFA8-836A-B9C3-1274-078BBB637139}.Release|Any CPU.ActiveCfg = Release|Any CPU
		{4263DFA8-836A-B9C3-1274-078BBB637139}.Release|Any CPU.Build.0 = Release|Any CPU
		{7CF94A4D-A62F-55C1-041B-5C6BB08DEAE1}.Debug|Any CPU.ActiveCfg = Debug|Any CPU
		{7CF94A4D-A62F-55C1-041B-5C6BB08DEAE1}.Debug|Any CPU.Build.0 = Debug|Any CPU
		{7CF94A4D-A62F-55C1-041B-5C6BB08DEAE1}.Release|Any CPU.ActiveCfg = Release|Any CPU
		{7CF94A4D-A62F-55C1-041B-5C6BB08DEAE1}.Release|Any CPU.Build.0 = Release|Any CPU
		{6830A2FD-2983-25B0-BE32-41DFD458675B}.Debug|Any CPU.ActiveCfg = Debug|Any CPU
		{6830A2FD-2983-25B0-BE32-41DFD458675B}.Debug|Any CPU.Build.0 = Debug|Any CPU
		{6830A2FD-2983-25B0-BE32-41DFD458675B}.Release|Any CPU.ActiveCfg = Release|Any CPU
		{6830A2FD-2983-25B0-BE32-41DFD458675B}.Release|Any CPU.Build.0 = Release|Any CPU
		{C8FCB06E-D198-D699-B008-8B815AF9BF6A}.Debug|Any CPU.ActiveCfg = Debug|Any CPU
		{C8FCB06E-D198-D699-B008-8B815AF9BF6A}.Debug|Any CPU.Build.0 = Debug|Any CPU
		{C8FCB06E-D198-D699-B008-8B815AF9BF6A}.Release|Any CPU.ActiveCfg = Release|Any CPU
		{C8FCB06E-D198-D699-B008-8B815AF9BF6A}.Release|Any CPU.Build.0 = Release|Any CPU
		{759614A7-FA31-7345-7093-B141A8B9DB1B}.Debug|Any CPU.ActiveCfg = Debug|Any CPU
		{759614A7-FA31-7345-7093-B141A8B9DB1B}.Debug|Any CPU.Build.0 = Debug|Any CPU
		{759614A7-FA31-7345-7093-B141A8B9DB1B}.Release|Any CPU.ActiveCfg = Release|Any CPU
		{759614A7-FA31-7345-7093-B141A8B9DB1B}.Release|Any CPU.Build.0 = Release|Any CPU
		{24ED651C-7D70-9E01-9CAA-420041EA29F0}.Debug|Any CPU.ActiveCfg = Debug|Any CPU
		{24ED651C-7D70-9E01-9CAA-420041EA29F0}.Debug|Any CPU.Build.0 = Debug|Any CPU
		{24ED651C-7D70-9E01-9CAA-420041EA29F0}.Release|Any CPU.ActiveCfg = Release|Any CPU
		{24ED651C-7D70-9E01-9CAA-420041EA29F0}.Release|Any CPU.Build.0 = Release|Any CPU
		{1096A47A-0AF7-1AD6-284D-B3AE2782213C}.Debug|Any CPU.ActiveCfg = Debug|Any CPU
		{1096A47A-0AF7-1AD6-284D-B3AE2782213C}.Debug|Any CPU.Build.0 = Debug|Any CPU
		{1096A47A-0AF7-1AD6-284D-B3AE2782213C}.Release|Any CPU.ActiveCfg = Release|Any CPU
		{1096A47A-0AF7-1AD6-284D-B3AE2782213C}.Release|Any CPU.Build.0 = Release|Any CPU
		{19C97FCA-DD23-F004-91E7-C3F9F79F5610}.Debug|Any CPU.ActiveCfg = Debug|Any CPU
		{19C97FCA-DD23-F004-91E7-C3F9F79F5610}.Debug|Any CPU.Build.0 = Debug|Any CPU
		{19C97FCA-DD23-F004-91E7-C3F9F79F5610}.Release|Any CPU.ActiveCfg = Release|Any CPU
		{19C97FCA-DD23-F004-91E7-C3F9F79F5610}.Release|Any CPU.Build.0 = Release|Any CPU
		{132CB6D4-4AD4-0F13-275D-4016076F1BC3}.Debug|Any CPU.ActiveCfg = Debug|Any CPU
		{132CB6D4-4AD4-0F13-275D-4016076F1BC3}.Debug|Any CPU.Build.0 = Debug|Any CPU
		{132CB6D4-4AD4-0F13-275D-4016076F1BC3}.Release|Any CPU.ActiveCfg = Release|Any CPU
		{132CB6D4-4AD4-0F13-275D-4016076F1BC3}.Release|Any CPU.Build.0 = Release|Any CPU
		{87512493-E5D2-19F5-7C8E-F9ADB720BC4D}.Debug|Any CPU.ActiveCfg = Debug|Any CPU
		{87512493-E5D2-19F5-7C8E-F9ADB720BC4D}.Debug|Any CPU.Build.0 = Debug|Any CPU
		{87512493-E5D2-19F5-7C8E-F9ADB720BC4D}.Release|Any CPU.ActiveCfg = Release|Any CPU
		{87512493-E5D2-19F5-7C8E-F9ADB720BC4D}.Release|Any CPU.Build.0 = Release|Any CPU
		{FF058369-CB19-2D37-E313-6CC9D4801604}.Debug|Any CPU.ActiveCfg = Debug|Any CPU
		{FF058369-CB19-2D37-E313-6CC9D4801604}.Debug|Any CPU.Build.0 = Debug|Any CPU
		{FF058369-CB19-2D37-E313-6CC9D4801604}.Release|Any CPU.ActiveCfg = Release|Any CPU
		{FF058369-CB19-2D37-E313-6CC9D4801604}.Release|Any CPU.Build.0 = Release|Any CPU
		{B0C93EAC-7B7A-1A7C-10A4-159CA9FB895C}.Debug|Any CPU.ActiveCfg = Debug|Any CPU
		{B0C93EAC-7B7A-1A7C-10A4-159CA9FB895C}.Debug|Any CPU.Build.0 = Debug|Any CPU
		{B0C93EAC-7B7A-1A7C-10A4-159CA9FB895C}.Release|Any CPU.ActiveCfg = Release|Any CPU
		{B0C93EAC-7B7A-1A7C-10A4-159CA9FB895C}.Release|Any CPU.Build.0 = Release|Any CPU
		{45030A1C-786D-6CA4-27AD-F470E5F605E0}.Debug|Any CPU.ActiveCfg = Debug|Any CPU
		{45030A1C-786D-6CA4-27AD-F470E5F605E0}.Debug|Any CPU.Build.0 = Debug|Any CPU
		{45030A1C-786D-6CA4-27AD-F470E5F605E0}.Release|Any CPU.ActiveCfg = Release|Any CPU
		{45030A1C-786D-6CA4-27AD-F470E5F605E0}.Release|Any CPU.Build.0 = Release|Any CPU
		{6DE61BD2-837A-7718-8A3C-35A1505D02A2}.Debug|Any CPU.ActiveCfg = Debug|Any CPU
		{6DE61BD2-837A-7718-8A3C-35A1505D02A2}.Debug|Any CPU.Build.0 = Debug|Any CPU
		{6DE61BD2-837A-7718-8A3C-35A1505D02A2}.Release|Any CPU.ActiveCfg = Release|Any CPU
		{6DE61BD2-837A-7718-8A3C-35A1505D02A2}.Release|Any CPU.Build.0 = Release|Any CPU
		{364C142C-7F17-FEFE-C9D9-93A4CA2FA21A}.Debug|Any CPU.ActiveCfg = Debug|Any CPU
		{364C142C-7F17-FEFE-C9D9-93A4CA2FA21A}.Debug|Any CPU.Build.0 = Debug|Any CPU
		{364C142C-7F17-FEFE-C9D9-93A4CA2FA21A}.Release|Any CPU.ActiveCfg = Release|Any CPU
		{364C142C-7F17-FEFE-C9D9-93A4CA2FA21A}.Release|Any CPU.Build.0 = Release|Any CPU
		{98DF30C7-3151-F858-A0DF-268089FEC4C2}.Debug|Any CPU.ActiveCfg = Debug|Any CPU
		{98DF30C7-3151-F858-A0DF-268089FEC4C2}.Debug|Any CPU.Build.0 = Debug|Any CPU
		{98DF30C7-3151-F858-A0DF-268089FEC4C2}.Release|Any CPU.ActiveCfg = Release|Any CPU
		{98DF30C7-3151-F858-A0DF-268089FEC4C2}.Release|Any CPU.Build.0 = Release|Any CPU
		{E67837C6-EF8A-83E7-DB69-E353E8AA502F}.Debug|Any CPU.ActiveCfg = Debug|Any CPU
		{E67837C6-EF8A-83E7-DB69-E353E8AA502F}.Debug|Any CPU.Build.0 = Debug|Any CPU
		{E67837C6-EF8A-83E7-DB69-E353E8AA502F}.Release|Any CPU.ActiveCfg = Release|Any CPU
		{E67837C6-EF8A-83E7-DB69-E353E8AA502F}.Release|Any CPU.Build.0 = Release|Any CPU
		{F02EFD3C-538E-6BC6-13E8-516C75BBE0A8}.Debug|Any CPU.ActiveCfg = Debug|Any CPU
		{F02EFD3C-538E-6BC6-13E8-516C75BBE0A8}.Debug|Any CPU.Build.0 = Debug|Any CPU
		{F02EFD3C-538E-6BC6-13E8-516C75BBE0A8}.Release|Any CPU.ActiveCfg = Release|Any CPU
		{F02EFD3C-538E-6BC6-13E8-516C75BBE0A8}.Release|Any CPU.Build.0 = Release|Any CPU
		{79952E52-7709-02C3-EEC0-0FF789162F4C}.Debug|Any CPU.ActiveCfg = Debug|Any CPU
		{79952E52-7709-02C3-EEC0-0FF789162F4C}.Debug|Any CPU.Build.0 = Debug|Any CPU
		{79952E52-7709-02C3-EEC0-0FF789162F4C}.Release|Any CPU.ActiveCfg = Release|Any CPU
		{79952E52-7709-02C3-EEC0-0FF789162F4C}.Release|Any CPU.Build.0 = Release|Any CPU
		{D1C3441D-996A-1C54-62C6-4FC0ED35D4A1}.Debug|Any CPU.ActiveCfg = Debug|Any CPU
		{D1C3441D-996A-1C54-62C6-4FC0ED35D4A1}.Debug|Any CPU.Build.0 = Debug|Any CPU
		{D1C3441D-996A-1C54-62C6-4FC0ED35D4A1}.Release|Any CPU.ActiveCfg = Release|Any CPU
		{D1C3441D-996A-1C54-62C6-4FC0ED35D4A1}.Release|Any CPU.Build.0 = Release|Any CPU
		{11035CD4-C353-68CB-B4D9-B42F14A54C6F}.Debug|Any CPU.ActiveCfg = Debug|Any CPU
		{11035CD4-C353-68CB-B4D9-B42F14A54C6F}.Debug|Any CPU.Build.0 = Debug|Any CPU
		{11035CD4-C353-68CB-B4D9-B42F14A54C6F}.Release|Any CPU.ActiveCfg = Release|Any CPU
		{11035CD4-C353-68CB-B4D9-B42F14A54C6F}.Release|Any CPU.Build.0 = Release|Any CPU
		{7729FF5D-DE77-E942-26F2-921A05BDFE04}.Debug|Any CPU.ActiveCfg = Debug|Any CPU
		{7729FF5D-DE77-E942-26F2-921A05BDFE04}.Debug|Any CPU.Build.0 = Debug|Any CPU
		{7729FF5D-DE77-E942-26F2-921A05BDFE04}.Release|Any CPU.ActiveCfg = Release|Any CPU
		{7729FF5D-DE77-E942-26F2-921A05BDFE04}.Release|Any CPU.Build.0 = Release|Any CPU
		{CED7C7B3-752E-3313-5C8D-D37AEBB6828A}.Debug|Any CPU.ActiveCfg = Debug|Any CPU
		{CED7C7B3-752E-3313-5C8D-D37AEBB6828A}.Debug|Any CPU.Build.0 = Debug|Any CPU
		{CED7C7B3-752E-3313-5C8D-D37AEBB6828A}.Release|Any CPU.ActiveCfg = Release|Any CPU
		{CED7C7B3-752E-3313-5C8D-D37AEBB6828A}.Release|Any CPU.Build.0 = Release|Any CPU
	EndGlobalSection
	GlobalSection(SolutionProperties) = preSolution
		HideSolutionNode = FALSE
	EndGlobalSection
EndGlobal
